
Microsoft Visual Studio Solution File, Format Version 12.00
# Visual Studio Version 17
VisualStudioVersion = 17.7.34221.43
MinimumVisualStudioVersion = 10.0.40219.1
Project("{FAE04EC0-301F-11D3-BF4B-00C04F79EFBC}") = "WebServiceConnection.Server", "WebServiceConnection\Server\WebServiceConnection.Server.csproj", "{FFE9AA8F-E8E4-42CE-8BD8-CAAA1CBED633}"
EndProject
Project("{FAE04EC0-301F-11D3-BF4B-00C04F79EFBC}") = "WebServiceConnection.Client", "WebServiceConnection\Client\WebServiceConnection.Client.csproj", "{EEB8B39E-D4C2-4294-AF17-6AD2C6AE261E}"
EndProject
Project("{FAE04EC0-301F-11D3-BF4B-00C04F79EFBC}") = "WebServiceConnection.Shared", "WebServiceConnection\Shared\WebServiceConnection.Shared.csproj", "{5B8037A4-D2BF-4FFB-862D-1B26FC9E0D99}"
EndProject
Global
	GlobalSection(SolutionConfigurationPlatforms) = preSolution
		Debug|Any CPU = Debug|Any CPU
		Release|Any CPU = Release|Any CPU
	EndGlobalSection
	GlobalSection(ProjectConfigurationPlatforms) = postSolution
		{FFE9AA8F-E8E4-42CE-8BD8-CAAA1CBED633}.Debug|Any CPU.ActiveCfg = Debug|Any CPU
		{FFE9AA8F-E8E4-42CE-8BD8-CAAA1CBED633}.Debug|Any CPU.Build.0 = Debug|Any CPU
		{FFE9AA8F-E8E4-42CE-8BD8-CAAA1CBED633}.Release|Any CPU.ActiveCfg = Release|Any CPU
		{FFE9AA8F-E8E4-42CE-8BD8-CAAA1CBED633}.Release|Any CPU.Build.0 = Release|Any CPU
		{EEB8B39E-D4C2-4294-AF17-6AD2C6AE261E}.Debug|Any CPU.ActiveCfg = Debug|Any CPU
		{EEB8B39E-D4C2-4294-AF17-6AD2C6AE261E}.Debug|Any CPU.Build.0 = Debug|Any CPU
		{EEB8B39E-D4C2-4294-AF17-6AD2C6AE261E}.Release|Any CPU.ActiveCfg = Release|Any CPU
		{EEB8B39E-D4C2-4294-AF17-6AD2C6AE261E}.Release|Any CPU.Build.0 = Release|Any CPU
		{5B8037A4-D2BF-4FFB-862D-1B26FC9E0D99}.Debug|Any CPU.ActiveCfg = Debug|Any CPU
		{5B8037A4-D2BF-4FFB-862D-1B26FC9E0D99}.Debug|Any CPU.Build.0 = Debug|Any CPU
		{5B8037A4-D2BF-4FFB-862D-1B26FC9E0D99}.Release|Any CPU.ActiveCfg = Release|Any CPU
		{5B8037A4-D2BF-4FFB-862D-1B26FC9E0D99}.Release|Any CPU.Build.0 = Release|Any CPU
	EndGlobalSection
	GlobalSection(SolutionProperties) = preSolution
		HideSolutionNode = FALSE
	EndGlobalSection
	GlobalSection(ExtensibilityGlobals) = postSolution
		SolutionGuid = {BDB5C5C4-1493-4CA2-B5DD-8AEBE57ADDA0}
	EndGlobalSection
EndGlobal
