
Microsoft Visual Studio Solution File, Format Version 12.00
# Visual Studio Version 17
VisualStudioVersion = 17.9.34701.34
MinimumVisualStudioVersion = 10.0.40219.1
Project("{FAE04EC0-301F-11D3-BF4B-00C04F79EFBC}") = "BlazorSpinnerSystem.Server", "Server\BlazorSpinnerSystem.Server.csproj", "{C0B4FC3D-82AA-46DB-9FD9-3C9DCFFE3CAB}"
EndProject
Project("{FAE04EC0-301F-11D3-BF4B-00C04F79EFBC}") = "BlazorSpinnerSystem.Client", "Client\BlazorSpinnerSystem.Client.csproj", "{1A6CD9A8-5200-4EE1-98AA-783B21F17A79}"
EndProject
Project("{FAE04EC0-301F-11D3-BF4B-00C04F79EFBC}") = "BlazorSpinnerSystem.Shared", "Shared\BlazorSpinnerSystem.Shared.csproj", "{0063AC54-A767-420A-8350-E711402BF78F}"
EndProject
Global
	GlobalSection(SolutionConfigurationPlatforms) = preSolution
		Debug|Any CPU = Debug|Any CPU
		Release|Any CPU = Release|Any CPU
	EndGlobalSection
	GlobalSection(ProjectConfigurationPlatforms) = postSolution
		{C0B4FC3D-82AA-46DB-9FD9-3C9DCFFE3CAB}.Debug|Any CPU.ActiveCfg = Debug|Any CPU
		{C0B4FC3D-82AA-46DB-9FD9-3C9DCFFE3CAB}.Debug|Any CPU.Build.0 = Debug|Any CPU
		{C0B4FC3D-82AA-46DB-9FD9-3C9DCFFE3CAB}.Release|Any CPU.ActiveCfg = Release|Any CPU
		{C0B4FC3D-82AA-46DB-9FD9-3C9DCFFE3CAB}.Release|Any CPU.Build.0 = Release|Any CPU
		{1A6CD9A8-5200-4EE1-98AA-783B21F17A79}.Debug|Any CPU.ActiveCfg = Debug|Any CPU
		{1A6CD9A8-5200-4EE1-98AA-783B21F17A79}.Debug|Any CPU.Build.0 = Debug|Any CPU
		{1A6CD9A8-5200-4EE1-98AA-783B21F17A79}.Release|Any CPU.ActiveCfg = Release|Any CPU
		{1A6CD9A8-5200-4EE1-98AA-783B21F17A79}.Release|Any CPU.Build.0 = Release|Any CPU
		{0063AC54-A767-420A-8350-E711402BF78F}.Debug|Any CPU.ActiveCfg = Debug|Any CPU
		{0063AC54-A767-420A-8350-E711402BF78F}.Debug|Any CPU.Build.0 = Debug|Any CPU
		{0063AC54-A767-420A-8350-E711402BF78F}.Release|Any CPU.ActiveCfg = Release|Any CPU
		{0063AC54-A767-420A-8350-E711402BF78F}.Release|Any CPU.Build.0 = Release|Any CPU
	EndGlobalSection
	GlobalSection(SolutionProperties) = preSolution
		HideSolutionNode = FALSE
	EndGlobalSection
	GlobalSection(ExtensibilityGlobals) = postSolution
		SolutionGuid = {26C47D8E-CE70-400B-AA71-82A3D52942AC}
	EndGlobalSection
EndGlobal
